
Microsoft Visual Studio Solution File, Format Version 12.00
# Visual Studio Version 17
VisualStudioVersion = 17.5.33516.290
MinimumVisualStudioVersion = 10.0.40219.1
Project("{9A19103F-16F7-4668-BE54-9A1E7A4F7556}") = "MarketplaceProject", "MarketplaceProject\MarketplaceProject.csproj", "{D2E6D3CE-0FEC-461E-AF2A-69AC42B28FC8}"
EndProject
Project("{2150E333-8FDC-42A3-9474-1A3956D46DE8}") = "Domain", "Domain", "{FC0FD650-6C5A-4E22-8EA3-EAEBD4314000}"
EndProject
Project("{9A19103F-16F7-4668-BE54-9A1E7A4F7556}") = "MarketplaceProject.Domain", "MarketplaceProject.Domain\MarketplaceProject.Domain.csproj", "{995DFF35-933F-4BFE-9857-EF1A8997ED0F}"
EndProject
Project("{2150E333-8FDC-42A3-9474-1A3956D46DE8}") = "DAL", "DAL", "{BEC381F3-7793-4721-B816-D5CA413C0DBE}"
EndProject
Project("{9A19103F-16F7-4668-BE54-9A1E7A4F7556}") = "MarketplaceProject.DAL", "MarketplaceProject.DAL\MarketplaceProject.DAL.csproj", "{65E754EA-C09E-4C02-A2E1-4F3D549EE3A5}"
EndProject
Global
	GlobalSection(SolutionConfigurationPlatforms) = preSolution
		Debug|Any CPU = Debug|Any CPU
		Release|Any CPU = Release|Any CPU
	EndGlobalSection
	GlobalSection(ProjectConfigurationPlatforms) = postSolution
		{D2E6D3CE-0FEC-461E-AF2A-69AC42B28FC8}.Debug|Any CPU.ActiveCfg = Debug|Any CPU
		{D2E6D3CE-0FEC-461E-AF2A-69AC42B28FC8}.Debug|Any CPU.Build.0 = Debug|Any CPU
		{D2E6D3CE-0FEC-461E-AF2A-69AC42B28FC8}.Release|Any CPU.ActiveCfg = Release|Any CPU
		{D2E6D3CE-0FEC-461E-AF2A-69AC42B28FC8}.Release|Any CPU.Build.0 = Release|Any CPU
		{995DFF35-933F-4BFE-9857-EF1A8997ED0F}.Debug|Any CPU.ActiveCfg = Debug|Any CPU
		{995DFF35-933F-4BFE-9857-EF1A8997ED0F}.Debug|Any CPU.Build.0 = Debug|Any CPU
		{995DFF35-933F-4BFE-9857-EF1A8997ED0F}.Release|Any CPU.ActiveCfg = Release|Any CPU
		{995DFF35-933F-4BFE-9857-EF1A8997ED0F}.Release|Any CPU.Build.0 = Release|Any CPU
		{65E754EA-C09E-4C02-A2E1-4F3D549EE3A5}.Debug|Any CPU.ActiveCfg = Debug|Any CPU
		{65E754EA-C09E-4C02-A2E1-4F3D549EE3A5}.Debug|Any CPU.Build.0 = Debug|Any CPU
		{65E754EA-C09E-4C02-A2E1-4F3D549EE3A5}.Release|Any CPU.ActiveCfg = Release|Any CPU
		{65E754EA-C09E-4C02-A2E1-4F3D549EE3A5}.Release|Any CPU.Build.0 = Release|Any CPU
	EndGlobalSection
	GlobalSection(SolutionProperties) = preSolution
		HideSolutionNode = FALSE
	EndGlobalSection
	GlobalSection(NestedProjects) = preSolution
		{995DFF35-933F-4BFE-9857-EF1A8997ED0F} = {FC0FD650-6C5A-4E22-8EA3-EAEBD4314000}
		{65E754EA-C09E-4C02-A2E1-4F3D549EE3A5} = {BEC381F3-7793-4721-B816-D5CA413C0DBE}
	EndGlobalSection
	GlobalSection(ExtensibilityGlobals) = postSolution
		SolutionGuid = {1E94140A-C37C-4455-8EED-83D058A452CE}
	EndGlobalSection
EndGlobal
